
Microsoft Visual Studio Solution File, Format Version 12.00
Project("{FAE04EC0-301F-11D3-BF4B-00C04F79EFBC}") = "FunctionHelper", "FunctionHelper\FunctionHelper.csproj", "{B7DE9A25-74D7-4B91-984E-733899BE1B81}"
EndProject
Global
	GlobalSection(SolutionConfigurationPlatforms) = preSolution
		Debug|Any CPU = Debug|Any CPU
		Release|Any CPU = Release|Any CPU
	EndGlobalSection
	GlobalSection(ProjectConfigurationPlatforms) = postSolution
		{B7DE9A25-74D7-4B91-984E-733899BE1B81}.Debug|Any CPU.ActiveCfg = Debug|Any CPU
		{B7DE9A25-74D7-4B91-984E-733899BE1B81}.Debug|Any CPU.Build.0 = Debug|Any CPU
		{B7DE9A25-74D7-4B91-984E-733899BE1B81}.Release|Any CPU.ActiveCfg = Release|Any CPU
		{B7DE9A25-74D7-4B91-984E-733899BE1B81}.Release|Any CPU.Build.0 = Release|Any CPU
	EndGlobalSection
EndGlobal
